
Microsoft Visual Studio Solution File, Format Version 12.00
# Visual Studio Version 17
VisualStudioVersion = 17.10.34928.147
MinimumVisualStudioVersion = 10.0.40219.1
Project("{FAE04EC0-301F-11D3-BF4B-00C04F79EFBC}") = "edu.PR.ProyectoPractico1", "edu.PR.ProyectoPractico1.csproj", "{05EDF9AA-7785-4977-8B7B-82122B77E4DB}"
EndProject
Global
	GlobalSection(SolutionConfigurationPlatforms) = preSolution
		Debug|Any CPU = Debug|Any CPU
		Release|Any CPU = Release|Any CPU
	EndGlobalSection
	GlobalSection(ProjectConfigurationPlatforms) = postSolution
		{05EDF9AA-7785-4977-8B7B-82122B77E4DB}.Debug|Any CPU.ActiveCfg = Debug|Any CPU
		{05EDF9AA-7785-4977-8B7B-82122B77E4DB}.Debug|Any CPU.Build.0 = Debug|Any CPU
		{05EDF9AA-7785-4977-8B7B-82122B77E4DB}.Release|Any CPU.ActiveCfg = Release|Any CPU
		{05EDF9AA-7785-4977-8B7B-82122B77E4DB}.Release|Any CPU.Build.0 = Release|Any CPU
	EndGlobalSection
	GlobalSection(SolutionProperties) = preSolution
		HideSolutionNode = FALSE
	EndGlobalSection
	GlobalSection(ExtensibilityGlobals) = postSolution
		SolutionGuid = {4E32CCBC-A7F5-4DE7-ADAA-6A6F89AA7B6C}
	EndGlobalSection
EndGlobal
